
Microsoft Visual Studio Solution File, Format Version 12.00
# Visual Studio Version 17
VisualStudioVersion = 17.3.32922.545
MinimumVisualStudioVersion = 10.0.40219.1
Project("{9A19103F-16F7-4668-BE54-9A1E7A4F7556}") = "CwRetail.Api", "CwRetail.Api\CwRetail.Api.csproj", "{848AAF8E-BB24-488E-879D-4BFF216F5CEA}"
EndProject
Project("{FAE04EC0-301F-11D3-BF4B-00C04F79EFBC}") = "CwRetail.Data", "CwRetail.Data\CwRetail.Data.csproj", "{EBF63397-270F-4C65-ABAF-BF5D20E580BF}"
EndProject
Global
	GlobalSection(SolutionConfigurationPlatforms) = preSolution
		Debug|Any CPU = Debug|Any CPU
		Release|Any CPU = Release|Any CPU
	EndGlobalSection
	GlobalSection(ProjectConfigurationPlatforms) = postSolution
		{848AAF8E-BB24-488E-879D-4BFF216F5CEA}.Debug|Any CPU.ActiveCfg = Debug|Any CPU
		{848AAF8E-BB24-488E-879D-4BFF216F5CEA}.Debug|Any CPU.Build.0 = Debug|Any CPU
		{848AAF8E-BB24-488E-879D-4BFF216F5CEA}.Release|Any CPU.ActiveCfg = Release|Any CPU
		{848AAF8E-BB24-488E-879D-4BFF216F5CEA}.Release|Any CPU.Build.0 = Release|Any CPU
		{EBF63397-270F-4C65-ABAF-BF5D20E580BF}.Debug|Any CPU.ActiveCfg = Debug|Any CPU
		{EBF63397-270F-4C65-ABAF-BF5D20E580BF}.Debug|Any CPU.Build.0 = Debug|Any CPU
		{EBF63397-270F-4C65-ABAF-BF5D20E580BF}.Release|Any CPU.ActiveCfg = Release|Any CPU
		{EBF63397-270F-4C65-ABAF-BF5D20E580BF}.Release|Any CPU.Build.0 = Release|Any CPU
	EndGlobalSection
	GlobalSection(SolutionProperties) = preSolution
		HideSolutionNode = FALSE
	EndGlobalSection
	GlobalSection(ExtensibilityGlobals) = postSolution
		SolutionGuid = {1C018A98-AC76-4376-906C-B0941AF75AF8}
	EndGlobalSection
EndGlobal
